Microsoft Visual Studio Solution File, Format Version 8.00
Project("{8BC9CEB8-8B4A-11D0-8D11-00A0C91BC942}") = "iris", "iris 7.1.vcproj", "{C0FA7401-BFFF-4F5C-9F61-9F5437179816}"
	ProjectSection(ProjectDependencies) = postProject
	EndProjectSection
EndProject
Global
	GlobalSection(SolutionConfiguration) = preSolution
		Debug = Debug
		Release = Release
	EndGlobalSection
	GlobalSection(ProjectConfiguration) = postSolution
		{C0FA7401-BFFF-4F5C-9F61-9F5437179816}.Debug.ActiveCfg = Debug|Win32
		{C0FA7401-BFFF-4F5C-9F61-9F5437179816}.Debug.Build.0 = Debug|Win32
		{C0FA7401-BFFF-4F5C-9F61-9F5437179816}.Release.ActiveCfg = Release|Win32
		{C0FA7401-BFFF-4F5C-9F61-9F5437179816}.Release.Build.0 = Release|Win32
	EndGlobalSection
	GlobalSection(ExtensibilityGlobals) = postSolution
	EndGlobalSection
	GlobalSection(ExtensibilityAddIns) = postSolution
	EndGlobalSection
EndGlobal
